<?xml version="1.0" encoding="utf-8"?>
<Project ToolsVersion="4.0" xmlns="http://schemas.microsoft.com/developer/msbuild/2003">
  <ItemGroup>
    <Filter Include="Source Files">
      <UniqueIdentifier>{4FC737F1-C7A5-4376-A066-2A32D752A2FF}</UniqueIdentifier>
      <Extensions>cpp;c;cc;cxx;def;odl;idl;hpj;bat;asm;asmx</Extensions>
    </Filter>
    <Filter Include="Header Files">
      <UniqueIdentifier>{93995380-89BD-4b04-88EB-625FBE52EBFB}</UniqueIdentifier>
      <Extensions>h;hh;hpp;hxx;hm;inl;inc;ipp;xsd</Extensions>
    </Filter>
    <Filter Include="Resource Files">
      <UniqueIdentifier>{67DA6AB6-F800-4c08-8B7A-83BB121AAD01}</UniqueIdentifier>
      <Extensions>rc;ico;cur;bmp;dlg;rc2;rct;bin;rgs;gif;jpg;jpeg;jpe;resx;tiff;tif;png;wav;mfcribbon-ms</Extensions>
    </Filter>
    <Filter Include="sorting">
      <UniqueIdentifier>{10534ee9-5b51-47e2-8ea5-94fe4e207e1a}</UniqueIdentifier>
    </Filter>
    <Filter Include="container">
      <UniqueIdentifier>{4e72d6d9-64b7-41f1-9676-dde72694fd19}</UniqueIdentifier>
    </Filter>
    <Filter Include="matrix">
      <UniqueIdentifier>{71923e8d-6635-43a9-8586-63b8d5994ebe}</UniqueIdentifier>
    </Filter>
    <Filter Include="graph">
      <UniqueIdentifier>{4bc883d6-162f-4be5-b916-1c4e169398f8}</UniqueIdentifier>
    </Filter>
    <Filter Include="etc">
      <UniqueIdentifier>{69305024-6c31-42a6-b6b9-b36a7645aac9}</UniqueIdentifier>
    </Filter>
    <Filter Include="string">
      <UniqueIdentifier>{ac93947c-905f-41b3-9ea4-f32b6a0ab283}</UniqueIdentifier>
    </Filter>
    <Filter Include="neural_network">
      <UniqueIdentifier>{598a4eec-fddc-48a5-93d7-5e18632d46cc}</UniqueIdentifier>
    </Filter>
  </ItemGroup>
  <ItemGroup>
    <ClCompile Include="bench_main.cc">
      <Filter>Source Files</Filter>
    </ClCompile>
    <ClCompile Include="bench.cc">
      <Filter>Source Files</Filter>
    </ClCompile>
    <ClCompile Include="..\util\thread.cc">
      <Filter>Resource Files</Filter>
    </ClCompile>
    <ClCompile Include="..\util\random.cc">
      <Filter>Resource Files</Filter>
    </ClCompile>
    <ClCompile Include="sorting_bench.cc">
      <Filter>sorting</Filter>
    </ClCompile>
    <ClCompile Include="..\container\container_test_types.cc">
      <Filter>Resource Files</Filter>
    </ClCompile>
    <ClCompile Include="..\sorting\sort_test.cc">
      <Filter>Resource Files</Filter>
    </ClCompile>
    <ClCompile Include="container_bench.cc">
      <Filter>container</Filter>
    </ClCompile>
    <ClCompile Include="..\matrix\mkl_multi.cc">
      <Filter>Resource Files</Filter>
    </ClCompile>
    <ClCompile Include="..\matrix\naive_multi2.cc">
      <Filter>Resource Files</Filter>
    </ClCompile>
    <ClCompile Include="graph_bench.cc">
      <Filter>graph</Filter>
    </ClCompile>
    <ClCompile Include="etc_bench.cc">
      <Filter>etc</Filter>
    </ClCompile>
    <ClCompile Include="string_bench.cc">
      <Filter>string</Filter>
    </ClCompile>
    <ClCompile Include="neural_network_bench.cc">
      <Filter>neural_network</Filter>
    </ClCompile>
    <ClCompile Include="matrix_bench.cc">
      <Filter>matrix</Filter>
    </ClCompile>
  </ItemGroup>
  <ItemGroup>
    <ClInclude Include="bench.h">
      <Filter>Header Files</Filter>
    </ClInclude>
    <ClInclude Include="sorting_bench.h">
      <Filter>sorting</Filter>
    </ClInclude>
    <ClInclude Include="container_bench.h">
      <Filter>container</Filter>
    </ClInclude>
    <ClInclude Include="graph_bench.h">
      <Filter>graph</Filter>
    </ClInclude>
    <ClInclude Include="..\..\..\lib\google\btree\google_btree.h">
      <Filter>Header Files</Filter>
    </ClInclude>
    <ClInclude Include="..\..\..\lib\google\btree\google_btree_container.h">
      <Filter>Header Files</Filter>
    </ClInclude>
    <ClInclude Include="..\..\..\lib\google\btree\google_btree_set.h">
      <Filter>Header Files</Filter>
    </ClInclude>
    <ClInclude Include="etc_bench.h">
      <Filter>etc</Filter>
    </ClInclude>
    <ClInclude Include="string_bench.h">
      <Filter>string</Filter>
    </ClInclude>
    <ClInclude Include="boost_string_algorithm.h">
      <Filter>string</Filter>
    </ClInclude>
    <ClInclude Include="neural_network_bench.h">
      <Filter>neural_network</Filter>
    </ClInclude>
    <ClInclude Include="matrix_bench.h">
      <Filter>matrix</Filter>
    </ClInclude>
  </ItemGroup>
</Project>