
Microsoft Visual Studio Solution File, Format Version 12.00
# Visual Studio 2013
VisualStudioVersion = 12.0.21005.1
MinimumVisualStudioVersion = 10.0.40219.1
Project("{2150E333-8FDC-42A3-9474-1A3956D46DE8}") = "Solution Items", "Solution Items", "{2A78BF0C-DB29-4DA2-8919-817B13B68B77}"
	ProjectSection(SolutionItems) = preProject
		Local.testsettings = Local.testsettings
		practice.vsmdi = practice.vsmdi
		TraceAndTestImpact.testsettings = TraceAndTestImpact.testsettings
	EndProjectSection
EndProject
Project("{8BC9CEB8-8B4A-11D0-8D11-00A0C91BC942}") = "Calculator", "Calculator\Calculator.vcxproj", "{D38F2E4F-A26A-4CC1-8050-48D400A26742}"
EndProject
Project("{8BC9CEB8-8B4A-11D0-8D11-00A0C91BC942}") = "IncredibleMachine", "IncredibleMachine\Practice.vcxproj", "{498E70EB-06F8-48A9-A5CC-61227C3C5D71}"
EndProject
Project("{8BC9CEB8-8B4A-11D0-8D11-00A0C91BC942}") = "Grammar", "Grammar\Grammar.vcxproj", "{1BBD10BE-EA85-463F-9E62-C3D70F55F4FE}"
EndProject
Project("{8BC9CEB8-8B4A-11D0-8D11-00A0C91BC942}") = "Iterator", "Iterator\Iterator.vcxproj", "{1BE83C67-7598-4CAD-AD4D-15B480CE6707}"
EndProject
Project("{8BC9CEB8-8B4A-11D0-8D11-00A0C91BC942}") = "OneZeroMatrix", "OneZeroMatrix\OneZeroMatrix.vcxproj", "{3DAFDD46-1F33-486B-81E1-949349828447}"
EndProject
Project("{8BC9CEB8-8B4A-11D0-8D11-00A0C91BC942}") = "Shared Pointer", "Shared Pointer\Shared Pointer.vcxproj", "{66734EBF-5B40-48E8-A135-D0CC80CF63FD}"
EndProject
Project("{8BC9CEB8-8B4A-11D0-8D11-00A0C91BC942}") = "Template", "Template\Template.vcxproj", "{FD7CE0F8-82A0-4692-8679-91D7E87E2082}"
EndProject
Project("{FAE04EC0-301F-11D3-BF4B-00C04F79EFBC}") = "WindowsFormsApplication1", "WindowsFormsApplication1\WindowsFormsApplication1.csproj", "{21B3166E-134E-46AB-BF9D-231E671A663E}"
EndProject
Project("{8BC9CEB8-8B4A-11D0-8D11-00A0C91BC942}") = "RValueReference", "RValueReference\RValueReference.vcxproj", "{3639C0DE-DD9B-48DF-8867-A0BCF08609E1}"
EndProject
Project("{8BC9CEB8-8B4A-11D0-8D11-00A0C91BC942}") = "Constness", "Constness\Constness.vcxproj", "{9089CE28-E989-49CF-8DD9-21CBF8EDA10D}"
EndProject
Project("{8BC9CEB8-8B4A-11D0-8D11-00A0C91BC942}") = "Lambda", "Lambda\Lambda.vcxproj", "{84C136CF-A440-49E8-819E-A6167C6BE2EB}"
EndProject
Project("{8BC9CEB8-8B4A-11D0-8D11-00A0C91BC942}") = "Inheritance", "Inheritance\Inheritance.vcxproj", "{8A59EAD8-2893-42B3-8852-B07D07EBBADD}"
EndProject
Project("{8BC9CEB8-8B4A-11D0-8D11-00A0C91BC942}") = "Initialization", "Initialization\Initialization.vcxproj", "{B5DAFE2D-E4B2-419D-81BD-21F6C80EC637}"
EndProject
Project("{8BC9CEB8-8B4A-11D0-8D11-00A0C91BC942}") = "StackOverflow", "StackOverflow\StackOverflow.vcxproj", "{41855EF1-FF90-44BF-AF66-021F444CB931}"
EndProject
Project("{8BC9CEB8-8B4A-11D0-8D11-00A0C91BC942}") = "StPetersburgParadox", "StPetersburgParadox\StPetersburgParadox.vcxproj", "{FD386556-9882-4F44-B61B-ACA49583F3F2}"
EndProject
Global
	GlobalSection(SolutionConfigurationPlatforms) = preSolution
		Debug|Any CPU = Debug|Any CPU
		Debug|Mixed Platforms = Debug|Mixed Platforms
		Debug|Win32 = Debug|Win32
		Debug|x64 = Debug|x64
		Debug|x86 = Debug|x86
		Release|Any CPU = Release|Any CPU
		Release|Mixed Platforms = Release|Mixed Platforms
		Release|Win32 = Release|Win32
		Release|x64 = Release|x64
		Release|x86 = Release|x86
	EndGlobalSection
	GlobalSection(ProjectConfigurationPlatforms) = postSolution
		{D38F2E4F-A26A-4CC1-8050-48D400A26742}.Debug|Any CPU.ActiveCfg = Debug|x64
		{D38F2E4F-A26A-4CC1-8050-48D400A26742}.Debug|Mixed Platforms.ActiveCfg = Debug|x64
		{D38F2E4F-A26A-4CC1-8050-48D400A26742}.Debug|Mixed Platforms.Build.0 = Debug|x64
		{D38F2E4F-A26A-4CC1-8050-48D400A26742}.Debug|Win32.ActiveCfg = Debug|Win32
		{D38F2E4F-A26A-4CC1-8050-48D400A26742}.Debug|Win32.Build.0 = Debug|Win32
		{D38F2E4F-A26A-4CC1-8050-48D400A26742}.Debug|x64.ActiveCfg = Debug|x64
		{D38F2E4F-A26A-4CC1-8050-48D400A26742}.Debug|x64.Build.0 = Debug|x64
		{D38F2E4F-A26A-4CC1-8050-48D400A26742}.Debug|x86.ActiveCfg = Debug|x64
		{D38F2E4F-A26A-4CC1-8050-48D400A26742}.Release|Any CPU.ActiveCfg = Release|x64
		{D38F2E4F-A26A-4CC1-8050-48D400A26742}.Release|Mixed Platforms.ActiveCfg = Release|x64
		{D38F2E4F-A26A-4CC1-8050-48D400A26742}.Release|Mixed Platforms.Build.0 = Release|x64
		{D38F2E4F-A26A-4CC1-8050-48D400A26742}.Release|Win32.ActiveCfg = Release|Win32
		{D38F2E4F-A26A-4CC1-8050-48D400A26742}.Release|Win32.Build.0 = Release|Win32
		{D38F2E4F-A26A-4CC1-8050-48D400A26742}.Release|x64.ActiveCfg = Release|x64
		{D38F2E4F-A26A-4CC1-8050-48D400A26742}.Release|x64.Build.0 = Release|x64
		{D38F2E4F-A26A-4CC1-8050-48D400A26742}.Release|x86.ActiveCfg = Release|x64
		{498E70EB-06F8-48A9-A5CC-61227C3C5D71}.Debug|Any CPU.ActiveCfg = Debug|x64
		{498E70EB-06F8-48A9-A5CC-61227C3C5D71}.Debug|Mixed Platforms.ActiveCfg = Debug|x64
		{498E70EB-06F8-48A9-A5CC-61227C3C5D71}.Debug|Mixed Platforms.Build.0 = Debug|x64
		{498E70EB-06F8-48A9-A5CC-61227C3C5D71}.Debug|Win32.ActiveCfg = Debug|Win32
		{498E70EB-06F8-48A9-A5CC-61227C3C5D71}.Debug|Win32.Build.0 = Debug|Win32
		{498E70EB-06F8-48A9-A5CC-61227C3C5D71}.Debug|x64.ActiveCfg = Debug|x64
		{498E70EB-06F8-48A9-A5CC-61227C3C5D71}.Debug|x64.Build.0 = Debug|x64
		{498E70EB-06F8-48A9-A5CC-61227C3C5D71}.Debug|x86.ActiveCfg = Debug|x64
		{498E70EB-06F8-48A9-A5CC-61227C3C5D71}.Release|Any CPU.ActiveCfg = Release|x64
		{498E70EB-06F8-48A9-A5CC-61227C3C5D71}.Release|Mixed Platforms.ActiveCfg = Release|x64
		{498E70EB-06F8-48A9-A5CC-61227C3C5D71}.Release|Mixed Platforms.Build.0 = Release|x64
		{498E70EB-06F8-48A9-A5CC-61227C3C5D71}.Release|Win32.ActiveCfg = Release|Win32
		{498E70EB-06F8-48A9-A5CC-61227C3C5D71}.Release|Win32.Build.0 = Release|Win32
		{498E70EB-06F8-48A9-A5CC-61227C3C5D71}.Release|x64.ActiveCfg = Release|x64
		{498E70EB-06F8-48A9-A5CC-61227C3C5D71}.Release|x64.Build.0 = Release|x64
		{498E70EB-06F8-48A9-A5CC-61227C3C5D71}.Release|x86.ActiveCfg = Release|x64
		{1BBD10BE-EA85-463F-9E62-C3D70F55F4FE}.Debug|Any CPU.ActiveCfg = Debug|Win32
		{1BBD10BE-EA85-463F-9E62-C3D70F55F4FE}.Debug|Mixed Platforms.ActiveCfg = Debug|Win32
		{1BBD10BE-EA85-463F-9E62-C3D70F55F4FE}.Debug|Mixed Platforms.Build.0 = Debug|Win32
		{1BBD10BE-EA85-463F-9E62-C3D70F55F4FE}.Debug|Win32.ActiveCfg = Debug|Win32
		{1BBD10BE-EA85-463F-9E62-C3D70F55F4FE}.Debug|Win32.Build.0 = Debug|Win32
		{1BBD10BE-EA85-463F-9E62-C3D70F55F4FE}.Debug|x64.ActiveCfg = Debug|x64
		{1BBD10BE-EA85-463F-9E62-C3D70F55F4FE}.Debug|x64.Build.0 = Debug|x64
		{1BBD10BE-EA85-463F-9E62-C3D70F55F4FE}.Debug|x86.ActiveCfg = Debug|Win32
		{1BBD10BE-EA85-463F-9E62-C3D70F55F4FE}.Release|Any CPU.ActiveCfg = Release|Win32
		{1BBD10BE-EA85-463F-9E62-C3D70F55F4FE}.Release|Mixed Platforms.ActiveCfg = Release|Win32
		{1BBD10BE-EA85-463F-9E62-C3D70F55F4FE}.Release|Mixed Platforms.Build.0 = Release|Win32
		{1BBD10BE-EA85-463F-9E62-C3D70F55F4FE}.Release|Win32.ActiveCfg = Release|Win32
		{1BBD10BE-EA85-463F-9E62-C3D70F55F4FE}.Release|Win32.Build.0 = Release|Win32
		{1BBD10BE-EA85-463F-9E62-C3D70F55F4FE}.Release|x64.ActiveCfg = Release|x64
		{1BBD10BE-EA85-463F-9E62-C3D70F55F4FE}.Release|x64.Build.0 = Release|x64
		{1BBD10BE-EA85-463F-9E62-C3D70F55F4FE}.Release|x86.ActiveCfg = Release|Win32
		{1BE83C67-7598-4CAD-AD4D-15B480CE6707}.Debug|Any CPU.ActiveCfg = Debug|Win32
		{1BE83C67-7598-4CAD-AD4D-15B480CE6707}.Debug|Mixed Platforms.ActiveCfg = Debug|Win32
		{1BE83C67-7598-4CAD-AD4D-15B480CE6707}.Debug|Mixed Platforms.Build.0 = Debug|Win32
		{1BE83C67-7598-4CAD-AD4D-15B480CE6707}.Debug|Win32.ActiveCfg = Debug|Win32
		{1BE83C67-7598-4CAD-AD4D-15B480CE6707}.Debug|Win32.Build.0 = Debug|Win32
		{1BE83C67-7598-4CAD-AD4D-15B480CE6707}.Debug|x64.ActiveCfg = Debug|x64
		{1BE83C67-7598-4CAD-AD4D-15B480CE6707}.Debug|x64.Build.0 = Debug|x64
		{1BE83C67-7598-4CAD-AD4D-15B480CE6707}.Debug|x86.ActiveCfg = Debug|Win32
		{1BE83C67-7598-4CAD-AD4D-15B480CE6707}.Release|Any CPU.ActiveCfg = Release|Win32
		{1BE83C67-7598-4CAD-AD4D-15B480CE6707}.Release|Mixed Platforms.ActiveCfg = Release|Win32
		{1BE83C67-7598-4CAD-AD4D-15B480CE6707}.Release|Mixed Platforms.Build.0 = Release|Win32
		{1BE83C67-7598-4CAD-AD4D-15B480CE6707}.Release|Win32.ActiveCfg = Release|Win32
		{1BE83C67-7598-4CAD-AD4D-15B480CE6707}.Release|Win32.Build.0 = Release|Win32
		{1BE83C67-7598-4CAD-AD4D-15B480CE6707}.Release|x64.ActiveCfg = Release|x64
		{1BE83C67-7598-4CAD-AD4D-15B480CE6707}.Release|x64.Build.0 = Release|x64
		{1BE83C67-7598-4CAD-AD4D-15B480CE6707}.Release|x86.ActiveCfg = Release|Win32
		{3DAFDD46-1F33-486B-81E1-949349828447}.Debug|Any CPU.ActiveCfg = Debug|Win32
		{3DAFDD46-1F33-486B-81E1-949349828447}.Debug|Mixed Platforms.ActiveCfg = Debug|Win32
		{3DAFDD46-1F33-486B-81E1-949349828447}.Debug|Mixed Platforms.Build.0 = Debug|Win32
		{3DAFDD46-1F33-486B-81E1-949349828447}.Debug|Win32.ActiveCfg = Debug|Win32
		{3DAFDD46-1F33-486B-81E1-949349828447}.Debug|Win32.Build.0 = Debug|Win32
		{3DAFDD46-1F33-486B-81E1-949349828447}.Debug|x64.ActiveCfg = Debug|x64
		{3DAFDD46-1F33-486B-81E1-949349828447}.Debug|x64.Build.0 = Debug|x64
		{3DAFDD46-1F33-486B-81E1-949349828447}.Debug|x86.ActiveCfg = Debug|Win32
		{3DAFDD46-1F33-486B-81E1-949349828447}.Release|Any CPU.ActiveCfg = Release|Win32
		{3DAFDD46-1F33-486B-81E1-949349828447}.Release|Mixed Platforms.ActiveCfg = Release|Win32
		{3DAFDD46-1F33-486B-81E1-949349828447}.Release|Mixed Platforms.Build.0 = Release|Win32
		{3DAFDD46-1F33-486B-81E1-949349828447}.Release|Win32.ActiveCfg = Release|Win32
		{3DAFDD46-1F33-486B-81E1-949349828447}.Release|Win32.Build.0 = Release|Win32
		{3DAFDD46-1F33-486B-81E1-949349828447}.Release|x64.ActiveCfg = Release|x64
		{3DAFDD46-1F33-486B-81E1-949349828447}.Release|x64.Build.0 = Release|x64
		{3DAFDD46-1F33-486B-81E1-949349828447}.Release|x86.ActiveCfg = Release|Win32
		{66734EBF-5B40-48E8-A135-D0CC80CF63FD}.Debug|Any CPU.ActiveCfg = Debug|Win32
		{66734EBF-5B40-48E8-A135-D0CC80CF63FD}.Debug|Mixed Platforms.ActiveCfg = Debug|Win32
		{66734EBF-5B40-48E8-A135-D0CC80CF63FD}.Debug|Mixed Platforms.Build.0 = Debug|Win32
		{66734EBF-5B40-48E8-A135-D0CC80CF63FD}.Debug|Win32.ActiveCfg = Debug|Win32
		{66734EBF-5B40-48E8-A135-D0CC80CF63FD}.Debug|Win32.Build.0 = Debug|Win32
		{66734EBF-5B40-48E8-A135-D0CC80CF63FD}.Debug|x64.ActiveCfg = Debug|x64
		{66734EBF-5B40-48E8-A135-D0CC80CF63FD}.Debug|x64.Build.0 = Debug|x64
		{66734EBF-5B40-48E8-A135-D0CC80CF63FD}.Debug|x86.ActiveCfg = Debug|Win32
		{66734EBF-5B40-48E8-A135-D0CC80CF63FD}.Release|Any CPU.ActiveCfg = Release|Win32
		{66734EBF-5B40-48E8-A135-D0CC80CF63FD}.Release|Mixed Platforms.ActiveCfg = Release|Win32
		{66734EBF-5B40-48E8-A135-D0CC80CF63FD}.Release|Mixed Platforms.Build.0 = Release|Win32
		{66734EBF-5B40-48E8-A135-D0CC80CF63FD}.Release|Win32.ActiveCfg = Release|Win32
		{66734EBF-5B40-48E8-A135-D0CC80CF63FD}.Release|Win32.Build.0 = Release|Win32
		{66734EBF-5B40-48E8-A135-D0CC80CF63FD}.Release|x64.ActiveCfg = Release|x64
		{66734EBF-5B40-48E8-A135-D0CC80CF63FD}.Release|x64.Build.0 = Release|x64
		{66734EBF-5B40-48E8-A135-D0CC80CF63FD}.Release|x86.ActiveCfg = Release|Win32
		{FD7CE0F8-82A0-4692-8679-91D7E87E2082}.Debug|Any CPU.ActiveCfg = Debug|Win32
		{FD7CE0F8-82A0-4692-8679-91D7E87E2082}.Debug|Mixed Platforms.ActiveCfg = Debug|Win32
		{FD7CE0F8-82A0-4692-8679-91D7E87E2082}.Debug|Mixed Platforms.Build.0 = Debug|Win32
		{FD7CE0F8-82A0-4692-8679-91D7E87E2082}.Debug|Win32.ActiveCfg = Debug|Win32
		{FD7CE0F8-82A0-4692-8679-91D7E87E2082}.Debug|Win32.Build.0 = Debug|Win32
		{FD7CE0F8-82A0-4692-8679-91D7E87E2082}.Debug|x64.ActiveCfg = Debug|x64
		{FD7CE0F8-82A0-4692-8679-91D7E87E2082}.Debug|x64.Build.0 = Debug|x64
		{FD7CE0F8-82A0-4692-8679-91D7E87E2082}.Debug|x86.ActiveCfg = Debug|Win32
		{FD7CE0F8-82A0-4692-8679-91D7E87E2082}.Release|Any CPU.ActiveCfg = Release|Win32
		{FD7CE0F8-82A0-4692-8679-91D7E87E2082}.Release|Mixed Platforms.ActiveCfg = Release|Win32
		{FD7CE0F8-82A0-4692-8679-91D7E87E2082}.Release|Mixed Platforms.Build.0 = Release|Win32
		{FD7CE0F8-82A0-4692-8679-91D7E87E2082}.Release|Win32.ActiveCfg = Release|Win32
		{FD7CE0F8-82A0-4692-8679-91D7E87E2082}.Release|Win32.Build.0 = Release|Win32
		{FD7CE0F8-82A0-4692-8679-91D7E87E2082}.Release|x64.ActiveCfg = Release|x64
		{FD7CE0F8-82A0-4692-8679-91D7E87E2082}.Release|x64.Build.0 = Release|x64
		{FD7CE0F8-82A0-4692-8679-91D7E87E2082}.Release|x86.ActiveCfg = Release|Win32
		{21B3166E-134E-46AB-BF9D-231E671A663E}.Debug|Any CPU.ActiveCfg = Debug|x86
		{21B3166E-134E-46AB-BF9D-231E671A663E}.Debug|Mixed Platforms.ActiveCfg = Debug|x86
		{21B3166E-134E-46AB-BF9D-231E671A663E}.Debug|Mixed Platforms.Build.0 = Debug|x86
		{21B3166E-134E-46AB-BF9D-231E671A663E}.Debug|Win32.ActiveCfg = Debug|x86
		{21B3166E-134E-46AB-BF9D-231E671A663E}.Debug|x64.ActiveCfg = Debug|x64
		{21B3166E-134E-46AB-BF9D-231E671A663E}.Debug|x64.Build.0 = Debug|x64
		{21B3166E-134E-46AB-BF9D-231E671A663E}.Debug|x86.ActiveCfg = Debug|x86
		{21B3166E-134E-46AB-BF9D-231E671A663E}.Debug|x86.Build.0 = Debug|x86
		{21B3166E-134E-46AB-BF9D-231E671A663E}.Release|Any CPU.ActiveCfg = Release|x86
		{21B3166E-134E-46AB-BF9D-231E671A663E}.Release|Mixed Platforms.ActiveCfg = Release|x86
		{21B3166E-134E-46AB-BF9D-231E671A663E}.Release|Mixed Platforms.Build.0 = Release|x86
		{21B3166E-134E-46AB-BF9D-231E671A663E}.Release|Win32.ActiveCfg = Release|x86
		{21B3166E-134E-46AB-BF9D-231E671A663E}.Release|x64.ActiveCfg = Release|x64
		{21B3166E-134E-46AB-BF9D-231E671A663E}.Release|x64.Build.0 = Release|x64
		{21B3166E-134E-46AB-BF9D-231E671A663E}.Release|x86.ActiveCfg = Release|x86
		{21B3166E-134E-46AB-BF9D-231E671A663E}.Release|x86.Build.0 = Release|x86
		{3639C0DE-DD9B-48DF-8867-A0BCF08609E1}.Debug|Any CPU.ActiveCfg = Debug|Win32
		{3639C0DE-DD9B-48DF-8867-A0BCF08609E1}.Debug|Mixed Platforms.ActiveCfg = Debug|Win32
		{3639C0DE-DD9B-48DF-8867-A0BCF08609E1}.Debug|Mixed Platforms.Build.0 = Debug|Win32
		{3639C0DE-DD9B-48DF-8867-A0BCF08609E1}.Debug|Win32.ActiveCfg = Debug|Win32
		{3639C0DE-DD9B-48DF-8867-A0BCF08609E1}.Debug|Win32.Build.0 = Debug|Win32
		{3639C0DE-DD9B-48DF-8867-A0BCF08609E1}.Debug|x64.ActiveCfg = Debug|x64
		{3639C0DE-DD9B-48DF-8867-A0BCF08609E1}.Debug|x64.Build.0 = Debug|x64
		{3639C0DE-DD9B-48DF-8867-A0BCF08609E1}.Debug|x86.ActiveCfg = Debug|Win32
		{3639C0DE-DD9B-48DF-8867-A0BCF08609E1}.Debug|x86.Build.0 = Debug|Win32
		{3639C0DE-DD9B-48DF-8867-A0BCF08609E1}.Release|Any CPU.ActiveCfg = Release|Win32
		{3639C0DE-DD9B-48DF-8867-A0BCF08609E1}.Release|Mixed Platforms.ActiveCfg = Release|Win32
		{3639C0DE-DD9B-48DF-8867-A0BCF08609E1}.Release|Mixed Platforms.Build.0 = Release|Win32
		{3639C0DE-DD9B-48DF-8867-A0BCF08609E1}.Release|Win32.ActiveCfg = Release|Win32
		{3639C0DE-DD9B-48DF-8867-A0BCF08609E1}.Release|Win32.Build.0 = Release|Win32
		{3639C0DE-DD9B-48DF-8867-A0BCF08609E1}.Release|x64.ActiveCfg = Release|x64
		{3639C0DE-DD9B-48DF-8867-A0BCF08609E1}.Release|x64.Build.0 = Release|x64
		{3639C0DE-DD9B-48DF-8867-A0BCF08609E1}.Release|x86.ActiveCfg = Release|Win32
		{3639C0DE-DD9B-48DF-8867-A0BCF08609E1}.Release|x86.Build.0 = Release|Win32
		{9089CE28-E989-49CF-8DD9-21CBF8EDA10D}.Debug|Any CPU.ActiveCfg = Debug|Win32
		{9089CE28-E989-49CF-8DD9-21CBF8EDA10D}.Debug|Mixed Platforms.ActiveCfg = Debug|Win32
		{9089CE28-E989-49CF-8DD9-21CBF8EDA10D}.Debug|Mixed Platforms.Build.0 = Debug|Win32
		{9089CE28-E989-49CF-8DD9-21CBF8EDA10D}.Debug|Win32.ActiveCfg = Debug|Win32
		{9089CE28-E989-49CF-8DD9-21CBF8EDA10D}.Debug|Win32.Build.0 = Debug|Win32
		{9089CE28-E989-49CF-8DD9-21CBF8EDA10D}.Debug|x64.ActiveCfg = Debug|x64
		{9089CE28-E989-49CF-8DD9-21CBF8EDA10D}.Debug|x64.Build.0 = Debug|x64
		{9089CE28-E989-49CF-8DD9-21CBF8EDA10D}.Debug|x86.ActiveCfg = Debug|Win32
		{9089CE28-E989-49CF-8DD9-21CBF8EDA10D}.Debug|x86.Build.0 = Debug|Win32
		{9089CE28-E989-49CF-8DD9-21CBF8EDA10D}.Release|Any CPU.ActiveCfg = Release|Win32
		{9089CE28-E989-49CF-8DD9-21CBF8EDA10D}.Release|Mixed Platforms.ActiveCfg = Release|Win32
		{9089CE28-E989-49CF-8DD9-21CBF8EDA10D}.Release|Mixed Platforms.Build.0 = Release|Win32
		{9089CE28-E989-49CF-8DD9-21CBF8EDA10D}.Release|Win32.ActiveCfg = Release|Win32
		{9089CE28-E989-49CF-8DD9-21CBF8EDA10D}.Release|Win32.Build.0 = Release|Win32
		{9089CE28-E989-49CF-8DD9-21CBF8EDA10D}.Release|x64.ActiveCfg = Release|x64
		{9089CE28-E989-49CF-8DD9-21CBF8EDA10D}.Release|x64.Build.0 = Release|x64
		{9089CE28-E989-49CF-8DD9-21CBF8EDA10D}.Release|x86.ActiveCfg = Release|Win32
		{9089CE28-E989-49CF-8DD9-21CBF8EDA10D}.Release|x86.Build.0 = Release|Win32
		{84C136CF-A440-49E8-819E-A6167C6BE2EB}.Debug|Any CPU.ActiveCfg = Debug|Win32
		{84C136CF-A440-49E8-819E-A6167C6BE2EB}.Debug|Mixed Platforms.ActiveCfg = Debug|Win32
		{84C136CF-A440-49E8-819E-A6167C6BE2EB}.Debug|Mixed Platforms.Build.0 = Debug|Win32
		{84C136CF-A440-49E8-819E-A6167C6BE2EB}.Debug|Win32.ActiveCfg = Debug|Win32
		{84C136CF-A440-49E8-819E-A6167C6BE2EB}.Debug|Win32.Build.0 = Debug|Win32
		{84C136CF-A440-49E8-819E-A6167C6BE2EB}.Debug|x64.ActiveCfg = Debug|x64
		{84C136CF-A440-49E8-819E-A6167C6BE2EB}.Debug|x64.Build.0 = Debug|x64
		{84C136CF-A440-49E8-819E-A6167C6BE2EB}.Debug|x86.ActiveCfg = Debug|Win32
		{84C136CF-A440-49E8-819E-A6167C6BE2EB}.Debug|x86.Build.0 = Debug|Win32
		{84C136CF-A440-49E8-819E-A6167C6BE2EB}.Release|Any CPU.ActiveCfg = Release|Win32
		{84C136CF-A440-49E8-819E-A6167C6BE2EB}.Release|Mixed Platforms.ActiveCfg = Release|Win32
		{84C136CF-A440-49E8-819E-A6167C6BE2EB}.Release|Mixed Platforms.Build.0 = Release|Win32
		{84C136CF-A440-49E8-819E-A6167C6BE2EB}.Release|Win32.ActiveCfg = Release|Win32
		{84C136CF-A440-49E8-819E-A6167C6BE2EB}.Release|Win32.Build.0 = Release|Win32
		{84C136CF-A440-49E8-819E-A6167C6BE2EB}.Release|x64.ActiveCfg = Release|x64
		{84C136CF-A440-49E8-819E-A6167C6BE2EB}.Release|x64.Build.0 = Release|x64
		{84C136CF-A440-49E8-819E-A6167C6BE2EB}.Release|x86.ActiveCfg = Release|Win32
		{84C136CF-A440-49E8-819E-A6167C6BE2EB}.Release|x86.Build.0 = Release|Win32
		{8A59EAD8-2893-42B3-8852-B07D07EBBADD}.Debug|Any CPU.ActiveCfg = Debug|Win32
		{8A59EAD8-2893-42B3-8852-B07D07EBBADD}.Debug|Mixed Platforms.ActiveCfg = Debug|Win32
		{8A59EAD8-2893-42B3-8852-B07D07EBBADD}.Debug|Mixed Platforms.Build.0 = Debug|Win32
		{8A59EAD8-2893-42B3-8852-B07D07EBBADD}.Debug|Win32.ActiveCfg = Debug|Win32
		{8A59EAD8-2893-42B3-8852-B07D07EBBADD}.Debug|Win32.Build.0 = Debug|Win32
		{8A59EAD8-2893-42B3-8852-B07D07EBBADD}.Debug|x64.ActiveCfg = Debug|x64
		{8A59EAD8-2893-42B3-8852-B07D07EBBADD}.Debug|x64.Build.0 = Debug|x64
		{8A59EAD8-2893-42B3-8852-B07D07EBBADD}.Debug|x86.ActiveCfg = Debug|Win32
		{8A59EAD8-2893-42B3-8852-B07D07EBBADD}.Debug|x86.Build.0 = Debug|Win32
		{8A59EAD8-2893-42B3-8852-B07D07EBBADD}.Release|Any CPU.ActiveCfg = Release|Win32
		{8A59EAD8-2893-42B3-8852-B07D07EBBADD}.Release|Mixed Platforms.ActiveCfg = Release|Win32
		{8A59EAD8-2893-42B3-8852-B07D07EBBADD}.Release|Mixed Platforms.Build.0 = Release|Win32
		{8A59EAD8-2893-42B3-8852-B07D07EBBADD}.Release|Win32.ActiveCfg = Release|Win32
		{8A59EAD8-2893-42B3-8852-B07D07EBBADD}.Release|Win32.Build.0 = Release|Win32
		{8A59EAD8-2893-42B3-8852-B07D07EBBADD}.Release|x64.ActiveCfg = Release|x64
		{8A59EAD8-2893-42B3-8852-B07D07EBBADD}.Release|x64.Build.0 = Release|x64
		{8A59EAD8-2893-42B3-8852-B07D07EBBADD}.Release|x86.ActiveCfg = Release|Win32
		{8A59EAD8-2893-42B3-8852-B07D07EBBADD}.Release|x86.Build.0 = Release|Win32
		{B5DAFE2D-E4B2-419D-81BD-21F6C80EC637}.Debug|Any CPU.ActiveCfg = Debug|Win32
		{B5DAFE2D-E4B2-419D-81BD-21F6C80EC637}.Debug|Mixed Platforms.ActiveCfg = Debug|Win32
		{B5DAFE2D-E4B2-419D-81BD-21F6C80EC637}.Debug|Mixed Platforms.Build.0 = Debug|Win32
		{B5DAFE2D-E4B2-419D-81BD-21F6C80EC637}.Debug|Win32.ActiveCfg = Debug|Win32
		{B5DAFE2D-E4B2-419D-81BD-21F6C80EC637}.Debug|Win32.Build.0 = Debug|Win32
		{B5DAFE2D-E4B2-419D-81BD-21F6C80EC637}.Debug|x64.ActiveCfg = Debug|Win32
		{B5DAFE2D-E4B2-419D-81BD-21F6C80EC637}.Debug|x86.ActiveCfg = Debug|Win32
		{B5DAFE2D-E4B2-419D-81BD-21F6C80EC637}.Debug|x86.Build.0 = Debug|Win32
		{B5DAFE2D-E4B2-419D-81BD-21F6C80EC637}.Release|Any CPU.ActiveCfg = Release|Win32
		{B5DAFE2D-E4B2-419D-81BD-21F6C80EC637}.Release|Mixed Platforms.ActiveCfg = Release|Win32
		{B5DAFE2D-E4B2-419D-81BD-21F6C80EC637}.Release|Mixed Platforms.Build.0 = Release|Win32
		{B5DAFE2D-E4B2-419D-81BD-21F6C80EC637}.Release|Win32.ActiveCfg = Release|Win32
		{B5DAFE2D-E4B2-419D-81BD-21F6C80EC637}.Release|Win32.Build.0 = Release|Win32
		{B5DAFE2D-E4B2-419D-81BD-21F6C80EC637}.Release|x64.ActiveCfg = Release|Win32
		{B5DAFE2D-E4B2-419D-81BD-21F6C80EC637}.Release|x86.ActiveCfg = Release|Win32
		{B5DAFE2D-E4B2-419D-81BD-21F6C80EC637}.Release|x86.Build.0 = Release|Win32
		{41855EF1-FF90-44BF-AF66-021F444CB931}.Debug|Any CPU.ActiveCfg = Debug|Win32
		{41855EF1-FF90-44BF-AF66-021F444CB931}.Debug|Mixed Platforms.ActiveCfg = Debug|Win32
		{41855EF1-FF90-44BF-AF66-021F444CB931}.Debug|Mixed Platforms.Build.0 = Debug|Win32
		{41855EF1-FF90-44BF-AF66-021F444CB931}.Debug|Win32.ActiveCfg = Debug|Win32
		{41855EF1-FF90-44BF-AF66-021F444CB931}.Debug|Win32.Build.0 = Debug|Win32
		{41855EF1-FF90-44BF-AF66-021F444CB931}.Debug|x64.ActiveCfg = Debug|Win32
		{41855EF1-FF90-44BF-AF66-021F444CB931}.Debug|x86.ActiveCfg = Debug|Win32
		{41855EF1-FF90-44BF-AF66-021F444CB931}.Debug|x86.Build.0 = Debug|Win32
		{41855EF1-FF90-44BF-AF66-021F444CB931}.Release|Any CPU.ActiveCfg = Release|Win32
		{41855EF1-FF90-44BF-AF66-021F444CB931}.Release|Mixed Platforms.ActiveCfg = Release|Win32
		{41855EF1-FF90-44BF-AF66-021F444CB931}.Release|Mixed Platforms.Build.0 = Release|Win32
		{41855EF1-FF90-44BF-AF66-021F444CB931}.Release|Win32.ActiveCfg = Release|Win32
		{41855EF1-FF90-44BF-AF66-021F444CB931}.Release|Win32.Build.0 = Release|Win32
		{41855EF1-FF90-44BF-AF66-021F444CB931}.Release|x64.ActiveCfg = Release|Win32
		{41855EF1-FF90-44BF-AF66-021F444CB931}.Release|x86.ActiveCfg = Release|Win32
		{41855EF1-FF90-44BF-AF66-021F444CB931}.Release|x86.Build.0 = Release|Win32
		{FD386556-9882-4F44-B61B-ACA49583F3F2}.Debug|Any CPU.ActiveCfg = Debug|Win32
		{FD386556-9882-4F44-B61B-ACA49583F3F2}.Debug|Mixed Platforms.ActiveCfg = Debug|Win32
		{FD386556-9882-4F44-B61B-ACA49583F3F2}.Debug|Mixed Platforms.Build.0 = Debug|Win32
		{FD386556-9882-4F44-B61B-ACA49583F3F2}.Debug|Win32.ActiveCfg = Debug|Win32
		{FD386556-9882-4F44-B61B-ACA49583F3F2}.Debug|Win32.Build.0 = Debug|Win32
		{FD386556-9882-4F44-B61B-ACA49583F3F2}.Debug|x64.ActiveCfg = Debug|Win32
		{FD386556-9882-4F44-B61B-ACA49583F3F2}.Debug|x86.ActiveCfg = Debug|Win32
		{FD386556-9882-4F44-B61B-ACA49583F3F2}.Debug|x86.Build.0 = Debug|Win32
		{FD386556-9882-4F44-B61B-ACA49583F3F2}.Release|Any CPU.ActiveCfg = Release|Win32
		{FD386556-9882-4F44-B61B-ACA49583F3F2}.Release|Mixed Platforms.ActiveCfg = Release|Win32
		{FD386556-9882-4F44-B61B-ACA49583F3F2}.Release|Mixed Platforms.Build.0 = Release|Win32
		{FD386556-9882-4F44-B61B-ACA49583F3F2}.Release|Win32.ActiveCfg = Release|Win32
		{FD386556-9882-4F44-B61B-ACA49583F3F2}.Release|Win32.Build.0 = Release|Win32
		{FD386556-9882-4F44-B61B-ACA49583F3F2}.Release|x64.ActiveCfg = Release|x64
		{FD386556-9882-4F44-B61B-ACA49583F3F2}.Release|x64.Build.0 = Release|x64
		{FD386556-9882-4F44-B61B-ACA49583F3F2}.Release|x86.ActiveCfg = Release|Win32
		{FD386556-9882-4F44-B61B-ACA49583F3F2}.Release|x86.Build.0 = Release|Win32
	EndGlobalSection
	GlobalSection(SolutionProperties) = preSolution
		HideSolutionNode = FALSE
	EndGlobalSection
	GlobalSection(TestCaseManagementSettings) = postSolution
		CategoryFile = practice.vsmdi
	EndGlobalSection
EndGlobal
