
Microsoft Visual Studio Solution File, Format Version 12.00
# Visual Studio 2013
VisualStudioVersion = 12.0.21005.1
MinimumVisualStudioVersion = 10.0.40219.1
Project("{8BC9CEB8-8B4A-11D0-8D11-00A0C91BC942}") = "container", "container\container.vcxproj", "{2128696A-5B24-4B8E-9993-22103BACCCBD}"
EndProject
Project("{8BC9CEB8-8B4A-11D0-8D11-00A0C91BC942}") = "graph", "graph\graph.vcxproj", "{15BDA26C-C931-469A-A90C-0D4F1C947B55}"
EndProject
Project("{8BC9CEB8-8B4A-11D0-8D11-00A0C91BC942}") = "string", "string\string.vcxproj", "{D5E807B9-F269-4C9B-8945-D7F21075E6A5}"
EndProject
Project("{8BC9CEB8-8B4A-11D0-8D11-00A0C91BC942}") = "util", "util\util.vcxproj", "{88E80A89-F871-461B-A781-D0C1D3929DD1}"
EndProject
Project("{8BC9CEB8-8B4A-11D0-8D11-00A0C91BC942}") = "lexer", "lexer\lexer.vcxproj", "{424BF049-1294-499F-A578-9C0E5C0A045F}"
EndProject
Project("{8BC9CEB8-8B4A-11D0-8D11-00A0C91BC942}") = "thread", "thread\thread.vcxproj", "{726E27FF-DC5D-418D-BCA7-22FB89BB425E}"
EndProject
Project("{8BC9CEB8-8B4A-11D0-8D11-00A0C91BC942}") = "subcc", "subcc\subcc.vcxproj", "{44545E85-5A15-4BFB-B11A-C1FE54B539FE}"
EndProject
Project("{8BC9CEB8-8B4A-11D0-8D11-00A0C91BC942}") = "subcc_run", "subcc_run\subcc_run.vcxproj", "{5718C16C-9488-4D3D-A56D-998FFB60E0DE}"
EndProject
Project("{8BC9CEB8-8B4A-11D0-8D11-00A0C91BC942}") = "matrix", "matrix\matrix.vcxproj", "{DE0191CC-B5CF-4486-B09C-78978EC9C97F}"
EndProject
Project("{8BC9CEB8-8B4A-11D0-8D11-00A0C91BC942}") = "test", "test\test.vcxproj", "{B6E24A02-1345-44E5-9A96-2A025B951FE2}"
EndProject
Project("{8BC9CEB8-8B4A-11D0-8D11-00A0C91BC942}") = "sort", "sort\sort.vcxproj", "{E7DB5831-1BBC-4CFB-9F76-C7995A4C8FC2}"
EndProject
Project("{8BC9CEB8-8B4A-11D0-8D11-00A0C91BC942}") = "parser", "parser\parser.vcxproj", "{D2E35782-142B-411A-B08B-92E67E17C440}"
EndProject
Project("{8BC9CEB8-8B4A-11D0-8D11-00A0C91BC942}") = "auto_ptr", "auto_ptr\auto_ptr.vcxproj", "{224D68BC-8674-4835-9C80-7CAF31F23286}"
EndProject
Global
	GlobalSection(SolutionConfigurationPlatforms) = preSolution
		Debug|Any CPU = Debug|Any CPU
		Debug|Mixed Platforms = Debug|Mixed Platforms
		Debug|Win32 = Debug|Win32
		Debug|x64 = Debug|x64
		Intel_SSA|Any CPU = Intel_SSA|Any CPU
		Intel_SSA|Mixed Platforms = Intel_SSA|Mixed Platforms
		Intel_SSA|Win32 = Intel_SSA|Win32
		Intel_SSA|x64 = Intel_SSA|x64
		Release|Any CPU = Release|Any CPU
		Release|Mixed Platforms = Release|Mixed Platforms
		Release|Win32 = Release|Win32
		Release|x64 = Release|x64
	EndGlobalSection
	GlobalSection(ProjectConfigurationPlatforms) = postSolution
		{2128696A-5B24-4B8E-9993-22103BACCCBD}.Debug|Any CPU.ActiveCfg = Release|x64
		{2128696A-5B24-4B8E-9993-22103BACCCBD}.Debug|Mixed Platforms.ActiveCfg = Release|x64
		{2128696A-5B24-4B8E-9993-22103BACCCBD}.Debug|Mixed Platforms.Build.0 = Debug|Win32
		{2128696A-5B24-4B8E-9993-22103BACCCBD}.Debug|Win32.ActiveCfg = Debug|Win32
		{2128696A-5B24-4B8E-9993-22103BACCCBD}.Debug|Win32.Build.0 = Debug|Win32
		{2128696A-5B24-4B8E-9993-22103BACCCBD}.Debug|x64.ActiveCfg = Debug|x64
		{2128696A-5B24-4B8E-9993-22103BACCCBD}.Debug|x64.Build.0 = Debug|x64
		{2128696A-5B24-4B8E-9993-22103BACCCBD}.Intel_SSA|Any CPU.ActiveCfg = Release|x64
		{2128696A-5B24-4B8E-9993-22103BACCCBD}.Intel_SSA|Mixed Platforms.ActiveCfg = Release|x64
		{2128696A-5B24-4B8E-9993-22103BACCCBD}.Intel_SSA|Mixed Platforms.Build.0 = Intel_SSA|Win32
		{2128696A-5B24-4B8E-9993-22103BACCCBD}.Intel_SSA|Win32.ActiveCfg = Release|x64
		{2128696A-5B24-4B8E-9993-22103BACCCBD}.Intel_SSA|Win32.Build.0 = Intel_SSA|Win32
		{2128696A-5B24-4B8E-9993-22103BACCCBD}.Intel_SSA|x64.ActiveCfg = Release|x64
		{2128696A-5B24-4B8E-9993-22103BACCCBD}.Intel_SSA|x64.Build.0 = Release|x64
		{2128696A-5B24-4B8E-9993-22103BACCCBD}.Release|Any CPU.ActiveCfg = Release|x64
		{2128696A-5B24-4B8E-9993-22103BACCCBD}.Release|Mixed Platforms.ActiveCfg = Release|x64
		{2128696A-5B24-4B8E-9993-22103BACCCBD}.Release|Mixed Platforms.Build.0 = Release|Win32
		{2128696A-5B24-4B8E-9993-22103BACCCBD}.Release|Win32.ActiveCfg = Release|Win32
		{2128696A-5B24-4B8E-9993-22103BACCCBD}.Release|Win32.Build.0 = Release|Win32
		{2128696A-5B24-4B8E-9993-22103BACCCBD}.Release|x64.ActiveCfg = Release|x64
		{2128696A-5B24-4B8E-9993-22103BACCCBD}.Release|x64.Build.0 = Release|x64
		{15BDA26C-C931-469A-A90C-0D4F1C947B55}.Debug|Any CPU.ActiveCfg = Release|x64
		{15BDA26C-C931-469A-A90C-0D4F1C947B55}.Debug|Mixed Platforms.ActiveCfg = Release|x64
		{15BDA26C-C931-469A-A90C-0D4F1C947B55}.Debug|Mixed Platforms.Build.0 = Debug|Win32
		{15BDA26C-C931-469A-A90C-0D4F1C947B55}.Debug|Win32.ActiveCfg = Debug|Win32
		{15BDA26C-C931-469A-A90C-0D4F1C947B55}.Debug|Win32.Build.0 = Debug|Win32
		{15BDA26C-C931-469A-A90C-0D4F1C947B55}.Debug|x64.ActiveCfg = Debug|x64
		{15BDA26C-C931-469A-A90C-0D4F1C947B55}.Debug|x64.Build.0 = Debug|x64
		{15BDA26C-C931-469A-A90C-0D4F1C947B55}.Intel_SSA|Any CPU.ActiveCfg = Release|x64
		{15BDA26C-C931-469A-A90C-0D4F1C947B55}.Intel_SSA|Mixed Platforms.ActiveCfg = Release|x64
		{15BDA26C-C931-469A-A90C-0D4F1C947B55}.Intel_SSA|Mixed Platforms.Build.0 = Intel_SSA|Win32
		{15BDA26C-C931-469A-A90C-0D4F1C947B55}.Intel_SSA|Win32.ActiveCfg = Release|x64
		{15BDA26C-C931-469A-A90C-0D4F1C947B55}.Intel_SSA|Win32.Build.0 = Intel_SSA|Win32
		{15BDA26C-C931-469A-A90C-0D4F1C947B55}.Intel_SSA|x64.ActiveCfg = Release|x64
		{15BDA26C-C931-469A-A90C-0D4F1C947B55}.Intel_SSA|x64.Build.0 = Release|x64
		{15BDA26C-C931-469A-A90C-0D4F1C947B55}.Release|Any CPU.ActiveCfg = Release|x64
		{15BDA26C-C931-469A-A90C-0D4F1C947B55}.Release|Mixed Platforms.ActiveCfg = Release|x64
		{15BDA26C-C931-469A-A90C-0D4F1C947B55}.Release|Mixed Platforms.Build.0 = Release|Win32
		{15BDA26C-C931-469A-A90C-0D4F1C947B55}.Release|Win32.ActiveCfg = Release|Win32
		{15BDA26C-C931-469A-A90C-0D4F1C947B55}.Release|Win32.Build.0 = Release|Win32
		{15BDA26C-C931-469A-A90C-0D4F1C947B55}.Release|x64.ActiveCfg = Release|x64
		{15BDA26C-C931-469A-A90C-0D4F1C947B55}.Release|x64.Build.0 = Release|x64
		{D5E807B9-F269-4C9B-8945-D7F21075E6A5}.Debug|Any CPU.ActiveCfg = Release|x64
		{D5E807B9-F269-4C9B-8945-D7F21075E6A5}.Debug|Mixed Platforms.ActiveCfg = Release|x64
		{D5E807B9-F269-4C9B-8945-D7F21075E6A5}.Debug|Mixed Platforms.Build.0 = Debug|Win32
		{D5E807B9-F269-4C9B-8945-D7F21075E6A5}.Debug|Win32.ActiveCfg = Debug|Win32
		{D5E807B9-F269-4C9B-8945-D7F21075E6A5}.Debug|Win32.Build.0 = Debug|Win32
		{D5E807B9-F269-4C9B-8945-D7F21075E6A5}.Debug|x64.ActiveCfg = Debug|x64
		{D5E807B9-F269-4C9B-8945-D7F21075E6A5}.Debug|x64.Build.0 = Debug|x64
		{D5E807B9-F269-4C9B-8945-D7F21075E6A5}.Intel_SSA|Any CPU.ActiveCfg = Release|x64
		{D5E807B9-F269-4C9B-8945-D7F21075E6A5}.Intel_SSA|Mixed Platforms.ActiveCfg = Release|x64
		{D5E807B9-F269-4C9B-8945-D7F21075E6A5}.Intel_SSA|Mixed Platforms.Build.0 = Intel_SSA|Win32
		{D5E807B9-F269-4C9B-8945-D7F21075E6A5}.Intel_SSA|Win32.ActiveCfg = Release|x64
		{D5E807B9-F269-4C9B-8945-D7F21075E6A5}.Intel_SSA|Win32.Build.0 = Intel_SSA|Win32
		{D5E807B9-F269-4C9B-8945-D7F21075E6A5}.Intel_SSA|x64.ActiveCfg = Release|x64
		{D5E807B9-F269-4C9B-8945-D7F21075E6A5}.Intel_SSA|x64.Build.0 = Release|x64
		{D5E807B9-F269-4C9B-8945-D7F21075E6A5}.Release|Any CPU.ActiveCfg = Release|x64
		{D5E807B9-F269-4C9B-8945-D7F21075E6A5}.Release|Mixed Platforms.ActiveCfg = Release|x64
		{D5E807B9-F269-4C9B-8945-D7F21075E6A5}.Release|Mixed Platforms.Build.0 = Release|Win32
		{D5E807B9-F269-4C9B-8945-D7F21075E6A5}.Release|Win32.ActiveCfg = Release|Win32
		{D5E807B9-F269-4C9B-8945-D7F21075E6A5}.Release|Win32.Build.0 = Release|Win32
		{D5E807B9-F269-4C9B-8945-D7F21075E6A5}.Release|x64.ActiveCfg = Release|x64
		{D5E807B9-F269-4C9B-8945-D7F21075E6A5}.Release|x64.Build.0 = Release|x64
		{88E80A89-F871-461B-A781-D0C1D3929DD1}.Debug|Any CPU.ActiveCfg = Release|x64
		{88E80A89-F871-461B-A781-D0C1D3929DD1}.Debug|Mixed Platforms.ActiveCfg = Release|x64
		{88E80A89-F871-461B-A781-D0C1D3929DD1}.Debug|Mixed Platforms.Build.0 = Debug|Win32
		{88E80A89-F871-461B-A781-D0C1D3929DD1}.Debug|Win32.ActiveCfg = Debug|Win32
		{88E80A89-F871-461B-A781-D0C1D3929DD1}.Debug|Win32.Build.0 = Debug|Win32
		{88E80A89-F871-461B-A781-D0C1D3929DD1}.Debug|x64.ActiveCfg = Debug|x64
		{88E80A89-F871-461B-A781-D0C1D3929DD1}.Debug|x64.Build.0 = Debug|x64
		{88E80A89-F871-461B-A781-D0C1D3929DD1}.Intel_SSA|Any CPU.ActiveCfg = Release|x64
		{88E80A89-F871-461B-A781-D0C1D3929DD1}.Intel_SSA|Mixed Platforms.ActiveCfg = Release|x64
		{88E80A89-F871-461B-A781-D0C1D3929DD1}.Intel_SSA|Mixed Platforms.Build.0 = Intel_SSA|Win32
		{88E80A89-F871-461B-A781-D0C1D3929DD1}.Intel_SSA|Win32.ActiveCfg = Release|x64
		{88E80A89-F871-461B-A781-D0C1D3929DD1}.Intel_SSA|Win32.Build.0 = Intel_SSA|Win32
		{88E80A89-F871-461B-A781-D0C1D3929DD1}.Intel_SSA|x64.ActiveCfg = Release|x64
		{88E80A89-F871-461B-A781-D0C1D3929DD1}.Intel_SSA|x64.Build.0 = Release|x64
		{88E80A89-F871-461B-A781-D0C1D3929DD1}.Release|Any CPU.ActiveCfg = Release|x64
		{88E80A89-F871-461B-A781-D0C1D3929DD1}.Release|Mixed Platforms.ActiveCfg = Release|x64
		{88E80A89-F871-461B-A781-D0C1D3929DD1}.Release|Mixed Platforms.Build.0 = Release|Win32
		{88E80A89-F871-461B-A781-D0C1D3929DD1}.Release|Win32.ActiveCfg = Release|Win32
		{88E80A89-F871-461B-A781-D0C1D3929DD1}.Release|Win32.Build.0 = Release|Win32
		{88E80A89-F871-461B-A781-D0C1D3929DD1}.Release|x64.ActiveCfg = Release|x64
		{88E80A89-F871-461B-A781-D0C1D3929DD1}.Release|x64.Build.0 = Release|x64
		{424BF049-1294-499F-A578-9C0E5C0A045F}.Debug|Any CPU.ActiveCfg = Release|x64
		{424BF049-1294-499F-A578-9C0E5C0A045F}.Debug|Mixed Platforms.ActiveCfg = Release|x64
		{424BF049-1294-499F-A578-9C0E5C0A045F}.Debug|Mixed Platforms.Build.0 = Debug|Win32
		{424BF049-1294-499F-A578-9C0E5C0A045F}.Debug|Win32.ActiveCfg = Debug|Win32
		{424BF049-1294-499F-A578-9C0E5C0A045F}.Debug|Win32.Build.0 = Debug|Win32
		{424BF049-1294-499F-A578-9C0E5C0A045F}.Debug|x64.ActiveCfg = Debug|x64
		{424BF049-1294-499F-A578-9C0E5C0A045F}.Debug|x64.Build.0 = Debug|x64
		{424BF049-1294-499F-A578-9C0E5C0A045F}.Intel_SSA|Any CPU.ActiveCfg = Release|x64
		{424BF049-1294-499F-A578-9C0E5C0A045F}.Intel_SSA|Mixed Platforms.ActiveCfg = Release|x64
		{424BF049-1294-499F-A578-9C0E5C0A045F}.Intel_SSA|Mixed Platforms.Build.0 = Intel_SSA|Win32
		{424BF049-1294-499F-A578-9C0E5C0A045F}.Intel_SSA|Win32.ActiveCfg = Release|x64
		{424BF049-1294-499F-A578-9C0E5C0A045F}.Intel_SSA|Win32.Build.0 = Intel_SSA|Win32
		{424BF049-1294-499F-A578-9C0E5C0A045F}.Intel_SSA|x64.ActiveCfg = Release|x64
		{424BF049-1294-499F-A578-9C0E5C0A045F}.Intel_SSA|x64.Build.0 = Release|x64
		{424BF049-1294-499F-A578-9C0E5C0A045F}.Release|Any CPU.ActiveCfg = Release|x64
		{424BF049-1294-499F-A578-9C0E5C0A045F}.Release|Mixed Platforms.ActiveCfg = Release|x64
		{424BF049-1294-499F-A578-9C0E5C0A045F}.Release|Mixed Platforms.Build.0 = Release|Win32
		{424BF049-1294-499F-A578-9C0E5C0A045F}.Release|Win32.ActiveCfg = Release|Win32
		{424BF049-1294-499F-A578-9C0E5C0A045F}.Release|Win32.Build.0 = Release|Win32
		{424BF049-1294-499F-A578-9C0E5C0A045F}.Release|x64.ActiveCfg = Release|x64
		{424BF049-1294-499F-A578-9C0E5C0A045F}.Release|x64.Build.0 = Release|x64
		{726E27FF-DC5D-418D-BCA7-22FB89BB425E}.Debug|Any CPU.ActiveCfg = Release|x64
		{726E27FF-DC5D-418D-BCA7-22FB89BB425E}.Debug|Mixed Platforms.ActiveCfg = Release|x64
		{726E27FF-DC5D-418D-BCA7-22FB89BB425E}.Debug|Mixed Platforms.Build.0 = Debug|Win32
		{726E27FF-DC5D-418D-BCA7-22FB89BB425E}.Debug|Win32.ActiveCfg = Debug|Win32
		{726E27FF-DC5D-418D-BCA7-22FB89BB425E}.Debug|Win32.Build.0 = Debug|Win32
		{726E27FF-DC5D-418D-BCA7-22FB89BB425E}.Debug|x64.ActiveCfg = Debug|x64
		{726E27FF-DC5D-418D-BCA7-22FB89BB425E}.Debug|x64.Build.0 = Debug|x64
		{726E27FF-DC5D-418D-BCA7-22FB89BB425E}.Intel_SSA|Any CPU.ActiveCfg = Release|x64
		{726E27FF-DC5D-418D-BCA7-22FB89BB425E}.Intel_SSA|Mixed Platforms.ActiveCfg = Release|x64
		{726E27FF-DC5D-418D-BCA7-22FB89BB425E}.Intel_SSA|Mixed Platforms.Build.0 = Intel_SSA|Win32
		{726E27FF-DC5D-418D-BCA7-22FB89BB425E}.Intel_SSA|Win32.ActiveCfg = Release|x64
		{726E27FF-DC5D-418D-BCA7-22FB89BB425E}.Intel_SSA|Win32.Build.0 = Intel_SSA|Win32
		{726E27FF-DC5D-418D-BCA7-22FB89BB425E}.Intel_SSA|x64.ActiveCfg = Release|x64
		{726E27FF-DC5D-418D-BCA7-22FB89BB425E}.Intel_SSA|x64.Build.0 = Release|x64
		{726E27FF-DC5D-418D-BCA7-22FB89BB425E}.Release|Any CPU.ActiveCfg = Release|x64
		{726E27FF-DC5D-418D-BCA7-22FB89BB425E}.Release|Mixed Platforms.ActiveCfg = Release|x64
		{726E27FF-DC5D-418D-BCA7-22FB89BB425E}.Release|Mixed Platforms.Build.0 = Release|Win32
		{726E27FF-DC5D-418D-BCA7-22FB89BB425E}.Release|Win32.ActiveCfg = Release|Win32
		{726E27FF-DC5D-418D-BCA7-22FB89BB425E}.Release|Win32.Build.0 = Release|Win32
		{726E27FF-DC5D-418D-BCA7-22FB89BB425E}.Release|x64.ActiveCfg = Release|x64
		{726E27FF-DC5D-418D-BCA7-22FB89BB425E}.Release|x64.Build.0 = Release|x64
		{44545E85-5A15-4BFB-B11A-C1FE54B539FE}.Debug|Any CPU.ActiveCfg = Release|x64
		{44545E85-5A15-4BFB-B11A-C1FE54B539FE}.Debug|Mixed Platforms.ActiveCfg = Release|x64
		{44545E85-5A15-4BFB-B11A-C1FE54B539FE}.Debug|Mixed Platforms.Build.0 = Debug|Win32
		{44545E85-5A15-4BFB-B11A-C1FE54B539FE}.Debug|Win32.ActiveCfg = Debug|Win32
		{44545E85-5A15-4BFB-B11A-C1FE54B539FE}.Debug|Win32.Build.0 = Debug|Win32
		{44545E85-5A15-4BFB-B11A-C1FE54B539FE}.Debug|x64.ActiveCfg = Debug|x64
		{44545E85-5A15-4BFB-B11A-C1FE54B539FE}.Debug|x64.Build.0 = Debug|x64
		{44545E85-5A15-4BFB-B11A-C1FE54B539FE}.Intel_SSA|Any CPU.ActiveCfg = Release|x64
		{44545E85-5A15-4BFB-B11A-C1FE54B539FE}.Intel_SSA|Mixed Platforms.ActiveCfg = Release|x64
		{44545E85-5A15-4BFB-B11A-C1FE54B539FE}.Intel_SSA|Mixed Platforms.Build.0 = Intel_SSA|Win32
		{44545E85-5A15-4BFB-B11A-C1FE54B539FE}.Intel_SSA|Win32.ActiveCfg = Release|x64
		{44545E85-5A15-4BFB-B11A-C1FE54B539FE}.Intel_SSA|Win32.Build.0 = Intel_SSA|Win32
		{44545E85-5A15-4BFB-B11A-C1FE54B539FE}.Intel_SSA|x64.ActiveCfg = Release|x64
		{44545E85-5A15-4BFB-B11A-C1FE54B539FE}.Intel_SSA|x64.Build.0 = Release|x64
		{44545E85-5A15-4BFB-B11A-C1FE54B539FE}.Release|Any CPU.ActiveCfg = Release|x64
		{44545E85-5A15-4BFB-B11A-C1FE54B539FE}.Release|Mixed Platforms.ActiveCfg = Release|x64
		{44545E85-5A15-4BFB-B11A-C1FE54B539FE}.Release|Mixed Platforms.Build.0 = Release|Win32
		{44545E85-5A15-4BFB-B11A-C1FE54B539FE}.Release|Win32.ActiveCfg = Release|Win32
		{44545E85-5A15-4BFB-B11A-C1FE54B539FE}.Release|Win32.Build.0 = Release|Win32
		{44545E85-5A15-4BFB-B11A-C1FE54B539FE}.Release|x64.ActiveCfg = Release|x64
		{44545E85-5A15-4BFB-B11A-C1FE54B539FE}.Release|x64.Build.0 = Release|x64
		{5718C16C-9488-4D3D-A56D-998FFB60E0DE}.Debug|Any CPU.ActiveCfg = Debug|Win32
		{5718C16C-9488-4D3D-A56D-998FFB60E0DE}.Debug|Mixed Platforms.ActiveCfg = Debug|Win32
		{5718C16C-9488-4D3D-A56D-998FFB60E0DE}.Debug|Mixed Platforms.Build.0 = Debug|Win32
		{5718C16C-9488-4D3D-A56D-998FFB60E0DE}.Debug|Win32.ActiveCfg = Debug|Win32
		{5718C16C-9488-4D3D-A56D-998FFB60E0DE}.Debug|Win32.Build.0 = Debug|Win32
		{5718C16C-9488-4D3D-A56D-998FFB60E0DE}.Debug|x64.ActiveCfg = Debug|x64
		{5718C16C-9488-4D3D-A56D-998FFB60E0DE}.Debug|x64.Build.0 = Debug|x64
		{5718C16C-9488-4D3D-A56D-998FFB60E0DE}.Intel_SSA|Any CPU.ActiveCfg = Release|Win32
		{5718C16C-9488-4D3D-A56D-998FFB60E0DE}.Intel_SSA|Mixed Platforms.ActiveCfg = Release|Win32
		{5718C16C-9488-4D3D-A56D-998FFB60E0DE}.Intel_SSA|Win32.ActiveCfg = Release|Win32
		{5718C16C-9488-4D3D-A56D-998FFB60E0DE}.Intel_SSA|x64.ActiveCfg = Release|x64
		{5718C16C-9488-4D3D-A56D-998FFB60E0DE}.Release|Any CPU.ActiveCfg = Release|Win32
		{5718C16C-9488-4D3D-A56D-998FFB60E0DE}.Release|Mixed Platforms.ActiveCfg = Release|Win32
		{5718C16C-9488-4D3D-A56D-998FFB60E0DE}.Release|Mixed Platforms.Build.0 = Release|Win32
		{5718C16C-9488-4D3D-A56D-998FFB60E0DE}.Release|Win32.ActiveCfg = Release|Win32
		{5718C16C-9488-4D3D-A56D-998FFB60E0DE}.Release|Win32.Build.0 = Release|Win32
		{5718C16C-9488-4D3D-A56D-998FFB60E0DE}.Release|x64.ActiveCfg = Release|x64
		{5718C16C-9488-4D3D-A56D-998FFB60E0DE}.Release|x64.Build.0 = Release|x64
		{DE0191CC-B5CF-4486-B09C-78978EC9C97F}.Debug|Any CPU.ActiveCfg = Release|x64
		{DE0191CC-B5CF-4486-B09C-78978EC9C97F}.Debug|Mixed Platforms.ActiveCfg = Release|x64
		{DE0191CC-B5CF-4486-B09C-78978EC9C97F}.Debug|Mixed Platforms.Build.0 = Debug|Win32
		{DE0191CC-B5CF-4486-B09C-78978EC9C97F}.Debug|Win32.ActiveCfg = Debug|Win32
		{DE0191CC-B5CF-4486-B09C-78978EC9C97F}.Debug|Win32.Build.0 = Debug|Win32
		{DE0191CC-B5CF-4486-B09C-78978EC9C97F}.Debug|x64.ActiveCfg = Debug|x64
		{DE0191CC-B5CF-4486-B09C-78978EC9C97F}.Debug|x64.Build.0 = Debug|x64
		{DE0191CC-B5CF-4486-B09C-78978EC9C97F}.Intel_SSA|Any CPU.ActiveCfg = Release|x64
		{DE0191CC-B5CF-4486-B09C-78978EC9C97F}.Intel_SSA|Mixed Platforms.ActiveCfg = Release|x64
		{DE0191CC-B5CF-4486-B09C-78978EC9C97F}.Intel_SSA|Mixed Platforms.Build.0 = Intel_SSA|Win32
		{DE0191CC-B5CF-4486-B09C-78978EC9C97F}.Intel_SSA|Win32.ActiveCfg = Release|x64
		{DE0191CC-B5CF-4486-B09C-78978EC9C97F}.Intel_SSA|Win32.Build.0 = Intel_SSA|Win32
		{DE0191CC-B5CF-4486-B09C-78978EC9C97F}.Intel_SSA|x64.ActiveCfg = Release|x64
		{DE0191CC-B5CF-4486-B09C-78978EC9C97F}.Intel_SSA|x64.Build.0 = Release|x64
		{DE0191CC-B5CF-4486-B09C-78978EC9C97F}.Release|Any CPU.ActiveCfg = Release|x64
		{DE0191CC-B5CF-4486-B09C-78978EC9C97F}.Release|Mixed Platforms.ActiveCfg = Release|x64
		{DE0191CC-B5CF-4486-B09C-78978EC9C97F}.Release|Mixed Platforms.Build.0 = Release|Win32
		{DE0191CC-B5CF-4486-B09C-78978EC9C97F}.Release|Win32.ActiveCfg = Release|Win32
		{DE0191CC-B5CF-4486-B09C-78978EC9C97F}.Release|Win32.Build.0 = Release|Win32
		{DE0191CC-B5CF-4486-B09C-78978EC9C97F}.Release|x64.ActiveCfg = Release|x64
		{DE0191CC-B5CF-4486-B09C-78978EC9C97F}.Release|x64.Build.0 = Release|x64
		{B6E24A02-1345-44E5-9A96-2A025B951FE2}.Debug|Any CPU.ActiveCfg = Release|x64
		{B6E24A02-1345-44E5-9A96-2A025B951FE2}.Debug|Mixed Platforms.ActiveCfg = Release|x64
		{B6E24A02-1345-44E5-9A96-2A025B951FE2}.Debug|Mixed Platforms.Build.0 = Debug|Win32
		{B6E24A02-1345-44E5-9A96-2A025B951FE2}.Debug|Win32.ActiveCfg = Debug|Win32
		{B6E24A02-1345-44E5-9A96-2A025B951FE2}.Debug|Win32.Build.0 = Debug|Win32
		{B6E24A02-1345-44E5-9A96-2A025B951FE2}.Debug|x64.ActiveCfg = Debug|x64
		{B6E24A02-1345-44E5-9A96-2A025B951FE2}.Debug|x64.Build.0 = Debug|x64
		{B6E24A02-1345-44E5-9A96-2A025B951FE2}.Intel_SSA|Any CPU.ActiveCfg = Release|x64
		{B6E24A02-1345-44E5-9A96-2A025B951FE2}.Intel_SSA|Mixed Platforms.ActiveCfg = Release|x64
		{B6E24A02-1345-44E5-9A96-2A025B951FE2}.Intel_SSA|Mixed Platforms.Build.0 = Release|Win32
		{B6E24A02-1345-44E5-9A96-2A025B951FE2}.Intel_SSA|Win32.ActiveCfg = Release|x64
		{B6E24A02-1345-44E5-9A96-2A025B951FE2}.Intel_SSA|Win32.Build.0 = Release|Win32
		{B6E24A02-1345-44E5-9A96-2A025B951FE2}.Intel_SSA|x64.ActiveCfg = Release|x64
		{B6E24A02-1345-44E5-9A96-2A025B951FE2}.Intel_SSA|x64.Build.0 = Release|x64
		{B6E24A02-1345-44E5-9A96-2A025B951FE2}.Release|Any CPU.ActiveCfg = Release|x64
		{B6E24A02-1345-44E5-9A96-2A025B951FE2}.Release|Mixed Platforms.ActiveCfg = Release|x64
		{B6E24A02-1345-44E5-9A96-2A025B951FE2}.Release|Mixed Platforms.Build.0 = Release|Win32
		{B6E24A02-1345-44E5-9A96-2A025B951FE2}.Release|Win32.ActiveCfg = Release|Win32
		{B6E24A02-1345-44E5-9A96-2A025B951FE2}.Release|Win32.Build.0 = Release|Win32
		{B6E24A02-1345-44E5-9A96-2A025B951FE2}.Release|x64.ActiveCfg = Release|x64
		{B6E24A02-1345-44E5-9A96-2A025B951FE2}.Release|x64.Build.0 = Release|x64
		{E7DB5831-1BBC-4CFB-9F76-C7995A4C8FC2}.Debug|Any CPU.ActiveCfg = Release|x64
		{E7DB5831-1BBC-4CFB-9F76-C7995A4C8FC2}.Debug|Mixed Platforms.ActiveCfg = Release|x64
		{E7DB5831-1BBC-4CFB-9F76-C7995A4C8FC2}.Debug|Mixed Platforms.Build.0 = Debug|Win32
		{E7DB5831-1BBC-4CFB-9F76-C7995A4C8FC2}.Debug|Win32.ActiveCfg = Debug|Win32
		{E7DB5831-1BBC-4CFB-9F76-C7995A4C8FC2}.Debug|Win32.Build.0 = Debug|Win32
		{E7DB5831-1BBC-4CFB-9F76-C7995A4C8FC2}.Debug|x64.ActiveCfg = Debug|x64
		{E7DB5831-1BBC-4CFB-9F76-C7995A4C8FC2}.Debug|x64.Build.0 = Debug|x64
		{E7DB5831-1BBC-4CFB-9F76-C7995A4C8FC2}.Intel_SSA|Any CPU.ActiveCfg = Release|x64
		{E7DB5831-1BBC-4CFB-9F76-C7995A4C8FC2}.Intel_SSA|Mixed Platforms.ActiveCfg = Release|x64
		{E7DB5831-1BBC-4CFB-9F76-C7995A4C8FC2}.Intel_SSA|Mixed Platforms.Build.0 = Release|Win32
		{E7DB5831-1BBC-4CFB-9F76-C7995A4C8FC2}.Intel_SSA|Win32.ActiveCfg = Release|x64
		{E7DB5831-1BBC-4CFB-9F76-C7995A4C8FC2}.Intel_SSA|Win32.Build.0 = Release|Win32
		{E7DB5831-1BBC-4CFB-9F76-C7995A4C8FC2}.Intel_SSA|x64.ActiveCfg = Release|x64
		{E7DB5831-1BBC-4CFB-9F76-C7995A4C8FC2}.Intel_SSA|x64.Build.0 = Release|x64
		{E7DB5831-1BBC-4CFB-9F76-C7995A4C8FC2}.Release|Any CPU.ActiveCfg = Release|x64
		{E7DB5831-1BBC-4CFB-9F76-C7995A4C8FC2}.Release|Mixed Platforms.ActiveCfg = Release|x64
		{E7DB5831-1BBC-4CFB-9F76-C7995A4C8FC2}.Release|Mixed Platforms.Build.0 = Release|Win32
		{E7DB5831-1BBC-4CFB-9F76-C7995A4C8FC2}.Release|Win32.ActiveCfg = Release|Win32
		{E7DB5831-1BBC-4CFB-9F76-C7995A4C8FC2}.Release|Win32.Build.0 = Release|Win32
		{E7DB5831-1BBC-4CFB-9F76-C7995A4C8FC2}.Release|x64.ActiveCfg = Release|x64
		{E7DB5831-1BBC-4CFB-9F76-C7995A4C8FC2}.Release|x64.Build.0 = Release|x64
		{D2E35782-142B-411A-B08B-92E67E17C440}.Debug|Any CPU.ActiveCfg = Release|x64
		{D2E35782-142B-411A-B08B-92E67E17C440}.Debug|Mixed Platforms.ActiveCfg = Release|x64
		{D2E35782-142B-411A-B08B-92E67E17C440}.Debug|Mixed Platforms.Build.0 = Debug|Win32
		{D2E35782-142B-411A-B08B-92E67E17C440}.Debug|Win32.ActiveCfg = Debug|Win32
		{D2E35782-142B-411A-B08B-92E67E17C440}.Debug|Win32.Build.0 = Debug|Win32
		{D2E35782-142B-411A-B08B-92E67E17C440}.Debug|x64.ActiveCfg = Debug|x64
		{D2E35782-142B-411A-B08B-92E67E17C440}.Debug|x64.Build.0 = Debug|x64
		{D2E35782-142B-411A-B08B-92E67E17C440}.Intel_SSA|Any CPU.ActiveCfg = Release|x64
		{D2E35782-142B-411A-B08B-92E67E17C440}.Intel_SSA|Mixed Platforms.ActiveCfg = Release|x64
		{D2E35782-142B-411A-B08B-92E67E17C440}.Intel_SSA|Mixed Platforms.Build.0 = Release|Win32
		{D2E35782-142B-411A-B08B-92E67E17C440}.Intel_SSA|Win32.ActiveCfg = Release|x64
		{D2E35782-142B-411A-B08B-92E67E17C440}.Intel_SSA|Win32.Build.0 = Release|Win32
		{D2E35782-142B-411A-B08B-92E67E17C440}.Intel_SSA|x64.ActiveCfg = Release|x64
		{D2E35782-142B-411A-B08B-92E67E17C440}.Intel_SSA|x64.Build.0 = Release|x64
		{D2E35782-142B-411A-B08B-92E67E17C440}.Release|Any CPU.ActiveCfg = Release|x64
		{D2E35782-142B-411A-B08B-92E67E17C440}.Release|Mixed Platforms.ActiveCfg = Release|x64
		{D2E35782-142B-411A-B08B-92E67E17C440}.Release|Mixed Platforms.Build.0 = Release|Win32
		{D2E35782-142B-411A-B08B-92E67E17C440}.Release|Win32.ActiveCfg = Release|Win32
		{D2E35782-142B-411A-B08B-92E67E17C440}.Release|Win32.Build.0 = Release|Win32
		{D2E35782-142B-411A-B08B-92E67E17C440}.Release|x64.ActiveCfg = Release|x64
		{D2E35782-142B-411A-B08B-92E67E17C440}.Release|x64.Build.0 = Release|x64
		{224D68BC-8674-4835-9C80-7CAF31F23286}.Debug|Any CPU.ActiveCfg = Debug|Win32
		{224D68BC-8674-4835-9C80-7CAF31F23286}.Debug|Mixed Platforms.ActiveCfg = Debug|Win32
		{224D68BC-8674-4835-9C80-7CAF31F23286}.Debug|Mixed Platforms.Build.0 = Debug|Win32
		{224D68BC-8674-4835-9C80-7CAF31F23286}.Debug|Win32.ActiveCfg = Debug|Win32
		{224D68BC-8674-4835-9C80-7CAF31F23286}.Debug|Win32.Build.0 = Debug|Win32
		{224D68BC-8674-4835-9C80-7CAF31F23286}.Debug|x64.ActiveCfg = Debug|x64
		{224D68BC-8674-4835-9C80-7CAF31F23286}.Debug|x64.Build.0 = Debug|x64
		{224D68BC-8674-4835-9C80-7CAF31F23286}.Intel_SSA|Any CPU.ActiveCfg = Release|Win32
		{224D68BC-8674-4835-9C80-7CAF31F23286}.Intel_SSA|Mixed Platforms.ActiveCfg = Release|Win32
		{224D68BC-8674-4835-9C80-7CAF31F23286}.Intel_SSA|Mixed Platforms.Build.0 = Release|Win32
		{224D68BC-8674-4835-9C80-7CAF31F23286}.Intel_SSA|Win32.ActiveCfg = Release|Win32
		{224D68BC-8674-4835-9C80-7CAF31F23286}.Intel_SSA|Win32.Build.0 = Release|Win32
		{224D68BC-8674-4835-9C80-7CAF31F23286}.Intel_SSA|x64.ActiveCfg = Release|Win32
		{224D68BC-8674-4835-9C80-7CAF31F23286}.Release|Any CPU.ActiveCfg = Release|Win32
		{224D68BC-8674-4835-9C80-7CAF31F23286}.Release|Mixed Platforms.ActiveCfg = Release|Win32
		{224D68BC-8674-4835-9C80-7CAF31F23286}.Release|Mixed Platforms.Build.0 = Release|Win32
		{224D68BC-8674-4835-9C80-7CAF31F23286}.Release|Win32.ActiveCfg = Release|Win32
		{224D68BC-8674-4835-9C80-7CAF31F23286}.Release|Win32.Build.0 = Release|Win32
		{224D68BC-8674-4835-9C80-7CAF31F23286}.Release|x64.ActiveCfg = Release|x64
		{224D68BC-8674-4835-9C80-7CAF31F23286}.Release|x64.Build.0 = Release|x64
	EndGlobalSection
	GlobalSection(SolutionProperties) = preSolution
		HideSolutionNode = FALSE
	EndGlobalSection
	GlobalSection(Performance) = preSolution
		HasPerformanceSessions = true
	EndGlobalSection
EndGlobal
