<?xml version="1.0" encoding="utf-8"?>
<Project ToolsVersion="4.0" xmlns="http://schemas.microsoft.com/developer/msbuild/2003">
  <ItemGroup>
    <CudaCompile Include="matrix_multi.cu">
      <Filter>Cuda Files</Filter>
    </CudaCompile>
    <CudaCompile Include="sample.cu">
      <Filter>Cuda Files</Filter>
    </CudaCompile>
  </ItemGroup>
  <ItemGroup>
    <Filter Include="Header Files">
      <UniqueIdentifier>{ae71e97b-1187-441f-9c80-c3c7af7cd9a0}</UniqueIdentifier>
    </Filter>
    <Filter Include="Source Files">
      <UniqueIdentifier>{703bf81e-ef9b-4a42-b96c-54e805a28b56}</UniqueIdentifier>
    </Filter>
    <Filter Include="Cuda Files">
      <UniqueIdentifier>{e2ce2a5e-25b4-42b7-b916-a54f04afad40}</UniqueIdentifier>
    </Filter>
  </ItemGroup>
  <ItemGroup>
    <ClCompile Include="main.cc">
      <Filter>Source Files</Filter>
    </ClCompile>
    <ClCompile Include="matrix_multi.cc">
      <Filter>Source Files</Filter>
    </ClCompile>
    <ClCompile Include="sample.cc">
      <Filter>Source Files</Filter>
    </ClCompile>
  </ItemGroup>
  <ItemGroup>
    <ClInclude Include="sample.h">
      <Filter>Header Files</Filter>
    </ClInclude>
    <ClInclude Include="matrix_multi.h">
      <Filter>Header Files</Filter>
    </ClInclude>
  </ItemGroup>
</Project>